
Microsoft Visual Studio Solution File, Format Version 12.00
# Visual Studio Version 17
VisualStudioVersion = 17.0.31903.59
MinimumVisualStudioVersion = 10.0.40219.1
Project("{FAE04EC0-301F-11D3-BF4B-00C04F79EFBC}") = "Entrada De Datos", "Entrada De Datos\Entrada De Datos.csproj", "{47147F88-155D-413B-A471-7B9032FF9BA0}"
EndProject
Project("{FAE04EC0-301F-11D3-BF4B-00C04F79EFBC}") = "Variable_Constante", "Variable_Constante\Variable_Constante.csproj", "{C6F4114F-1050-444B-A16D-FCE978148BB9}"
EndProject
Project("{FAE04EC0-301F-11D3-BF4B-00C04F79EFBC}") = "For_Loops", "For_Loops\For_Loops.csproj", "{596586A4-4DF1-4B72-A1BA-4185EB5BFDAC}"
EndProject
Project("{FAE04EC0-301F-11D3-BF4B-00C04F79EFBC}") = "Ejercicio_PseudoCodigo", "Ejercicio_Pseudocodigo\Ejercicio_PseudoCodigo.csproj", "{023AFA85-A10B-4ED1-BCD0-3D7102398F29}"
EndProject
Project("{FAE04EC0-301F-11D3-BF4B-00C04F79EFBC}") = "CicloFor", "CicloFor\CicloFor.csproj", "{BA6E0FC2-E2E4-481A-9CAF-D426408E8D63}"
EndProject
Project("{FAE04EC0-301F-11D3-BF4B-00C04F79EFBC}") = "Bucle_For2", "Bucle_For2\Bucle_For2.csproj", "{3736A83A-3BFB-4C70-8154-51EEBE9C2DC0}"
EndProject
Project("{FAE04EC0-301F-11D3-BF4B-00C04F79EFBC}") = "Bucle_For3", "Bucle_For3\Bucle_For3.csproj", "{05600429-9BD9-445C-AA12-254148B5C788}"
EndProject
Project("{FAE04EC0-301F-11D3-BF4B-00C04F79EFBC}") = "TablasDeMultiplicar_CicloFor", "TablasDeMultiplicar_CicloFor\TablasDeMultiplicar_CicloFor.csproj", "{D5299DF4-D3B6-4441-9DCA-362B049644FF}"
EndProject
Project("{FAE04EC0-301F-11D3-BF4B-00C04F79EFBC}") = "Ciclo_ForEach", "Ciclo_ForEach\Ciclo_ForEach.csproj", "{827BBBD5-6471-49B1-9CB5-0943CAE544B7}"
EndProject
Project("{FAE04EC0-301F-11D3-BF4B-00C04F79EFBC}") = "Calcular_RadioCirculo", "Calcular_RadioCirculo\Calcular_RadioCirculo.csproj", "{1C51C90A-3829-46F0-98C1-68954C38406F}"
EndProject
Project("{FAE04EC0-301F-11D3-BF4B-00C04F79EFBC}") = "Ejercicio_PesudoCodigo1", "Ejercicio_Pseudocodigo1\Ejercicio_PesudoCodigo1.csproj", "{ED093051-B60B-4987-A033-D8F283670ADD}"
EndProject
Project("{FAE04EC0-301F-11D3-BF4B-00C04F79EFBC}") = "EjercicioLogica", "EjercicioLogica\EjercicioLogica.csproj", "{168801E2-EE8D-45D5-961E-9D70FF67154C}"
EndProject
Project("{FAE04EC0-301F-11D3-BF4B-00C04F79EFBC}") = "EjercicioLogica1", "EjercicioLogica1\EjercicioLogica1.csproj", "{8E21A844-65B7-4504-8BA1-B61CF5620586}"
EndProject
Project("{FAE04EC0-301F-11D3-BF4B-00C04F79EFBC}") = "EjercicioLogica2", "EjercicioLogica2\EjercicioLogica2.csproj", "{867C8D2C-9892-4FAA-A378-B2F58DA825B0}"
EndProject
Project("{FAE04EC0-301F-11D3-BF4B-00C04F79EFBC}") = "EjercicioLogica_3", "EjercicioLogica_3\EjercicioLogica_3.csproj", "{8EFFE128-1915-453F-98B1-55969B4D4FDC}"
EndProject
Project("{FAE04EC0-301F-11D3-BF4B-00C04F79EFBC}") = "EjercicioLogica4", "EjercicioLogica4\EjercicioLogica4.csproj", "{4FB958ED-8CF0-4139-AC34-28712EB133D5}"
EndProject
Project("{FAE04EC0-301F-11D3-BF4B-00C04F79EFBC}") = "Array_1", "Array_1\Array_1.csproj", "{B3BFC750-18BA-4D1C-BE4D-06BEFA34F29A}"
EndProject
Global
	GlobalSection(SolutionConfigurationPlatforms) = preSolution
		Debug|Any CPU = Debug|Any CPU
		Debug|x64 = Debug|x64
		Debug|x86 = Debug|x86
		Release|Any CPU = Release|Any CPU
		Release|x64 = Release|x64
		Release|x86 = Release|x86
	EndGlobalSection
	GlobalSection(ProjectConfigurationPlatforms) = postSolution
		{47147F88-155D-413B-A471-7B9032FF9BA0}.Debug|Any CPU.ActiveCfg = Debug|Any CPU
		{47147F88-155D-413B-A471-7B9032FF9BA0}.Debug|Any CPU.Build.0 = Debug|Any CPU
		{47147F88-155D-413B-A471-7B9032FF9BA0}.Debug|x64.ActiveCfg = Debug|Any CPU
		{47147F88-155D-413B-A471-7B9032FF9BA0}.Debug|x64.Build.0 = Debug|Any CPU
		{47147F88-155D-413B-A471-7B9032FF9BA0}.Debug|x86.ActiveCfg = Debug|Any CPU
		{47147F88-155D-413B-A471-7B9032FF9BA0}.Debug|x86.Build.0 = Debug|Any CPU
		{47147F88-155D-413B-A471-7B9032FF9BA0}.Release|Any CPU.ActiveCfg = Release|Any CPU
		{47147F88-155D-413B-A471-7B9032FF9BA0}.Release|Any CPU.Build.0 = Release|Any CPU
		{47147F88-155D-413B-A471-7B9032FF9BA0}.Release|x64.ActiveCfg = Release|Any CPU
		{47147F88-155D-413B-A471-7B9032FF9BA0}.Release|x64.Build.0 = Release|Any CPU
		{47147F88-155D-413B-A471-7B9032FF9BA0}.Release|x86.ActiveCfg = Release|Any CPU
		{47147F88-155D-413B-A471-7B9032FF9BA0}.Release|x86.Build.0 = Release|Any CPU
		{C6F4114F-1050-444B-A16D-FCE978148BB9}.Debug|Any CPU.ActiveCfg = Debug|Any CPU
		{C6F4114F-1050-444B-A16D-FCE978148BB9}.Debug|Any CPU.Build.0 = Debug|Any CPU
		{C6F4114F-1050-444B-A16D-FCE978148BB9}.Debug|x64.ActiveCfg = Debug|Any CPU
		{C6F4114F-1050-444B-A16D-FCE978148BB9}.Debug|x64.Build.0 = Debug|Any CPU
		{C6F4114F-1050-444B-A16D-FCE978148BB9}.Debug|x86.ActiveCfg = Debug|Any CPU
		{C6F4114F-1050-444B-A16D-FCE978148BB9}.Debug|x86.Build.0 = Debug|Any CPU
		{C6F4114F-1050-444B-A16D-FCE978148BB9}.Release|Any CPU.ActiveCfg = Release|Any CPU
		{C6F4114F-1050-444B-A16D-FCE978148BB9}.Release|Any CPU.Build.0 = Release|Any CPU
		{C6F4114F-1050-444B-A16D-FCE978148BB9}.Release|x64.ActiveCfg = Release|Any CPU
		{C6F4114F-1050-444B-A16D-FCE978148BB9}.Release|x64.Build.0 = Release|Any CPU
		{C6F4114F-1050-444B-A16D-FCE978148BB9}.Release|x86.ActiveCfg = Release|Any CPU
		{C6F4114F-1050-444B-A16D-FCE978148BB9}.Release|x86.Build.0 = Release|Any CPU
		{596586A4-4DF1-4B72-A1BA-4185EB5BFDAC}.Debug|Any CPU.ActiveCfg = Debug|Any CPU
		{596586A4-4DF1-4B72-A1BA-4185EB5BFDAC}.Debug|Any CPU.Build.0 = Debug|Any CPU
		{596586A4-4DF1-4B72-A1BA-4185EB5BFDAC}.Debug|x64.ActiveCfg = Debug|Any CPU
		{596586A4-4DF1-4B72-A1BA-4185EB5BFDAC}.Debug|x64.Build.0 = Debug|Any CPU
		{596586A4-4DF1-4B72-A1BA-4185EB5BFDAC}.Debug|x86.ActiveCfg = Debug|Any CPU
		{596586A4-4DF1-4B72-A1BA-4185EB5BFDAC}.Debug|x86.Build.0 = Debug|Any CPU
		{596586A4-4DF1-4B72-A1BA-4185EB5BFDAC}.Release|Any CPU.ActiveCfg = Release|Any CPU
		{596586A4-4DF1-4B72-A1BA-4185EB5BFDAC}.Release|Any CPU.Build.0 = Release|Any CPU
		{596586A4-4DF1-4B72-A1BA-4185EB5BFDAC}.Release|x64.ActiveCfg = Release|Any CPU
		{596586A4-4DF1-4B72-A1BA-4185EB5BFDAC}.Release|x64.Build.0 = Release|Any CPU
		{596586A4-4DF1-4B72-A1BA-4185EB5BFDAC}.Release|x86.ActiveCfg = Release|Any CPU
		{596586A4-4DF1-4B72-A1BA-4185EB5BFDAC}.Release|x86.Build.0 = Release|Any CPU
		{023AFA85-A10B-4ED1-BCD0-3D7102398F29}.Debug|Any CPU.ActiveCfg = Debug|Any CPU
		{023AFA85-A10B-4ED1-BCD0-3D7102398F29}.Debug|Any CPU.Build.0 = Debug|Any CPU
		{023AFA85-A10B-4ED1-BCD0-3D7102398F29}.Debug|x64.ActiveCfg = Debug|Any CPU
		{023AFA85-A10B-4ED1-BCD0-3D7102398F29}.Debug|x64.Build.0 = Debug|Any CPU
		{023AFA85-A10B-4ED1-BCD0-3D7102398F29}.Debug|x86.ActiveCfg = Debug|Any CPU
		{023AFA85-A10B-4ED1-BCD0-3D7102398F29}.Debug|x86.Build.0 = Debug|Any CPU
		{023AFA85-A10B-4ED1-BCD0-3D7102398F29}.Release|Any CPU.ActiveCfg = Release|Any CPU
		{023AFA85-A10B-4ED1-BCD0-3D7102398F29}.Release|Any CPU.Build.0 = Release|Any CPU
		{023AFA85-A10B-4ED1-BCD0-3D7102398F29}.Release|x64.ActiveCfg = Release|Any CPU
		{023AFA85-A10B-4ED1-BCD0-3D7102398F29}.Release|x64.Build.0 = Release|Any CPU
		{023AFA85-A10B-4ED1-BCD0-3D7102398F29}.Release|x86.ActiveCfg = Release|Any CPU
		{023AFA85-A10B-4ED1-BCD0-3D7102398F29}.Release|x86.Build.0 = Release|Any CPU
		{BA6E0FC2-E2E4-481A-9CAF-D426408E8D63}.Debug|Any CPU.ActiveCfg = Debug|Any CPU
		{BA6E0FC2-E2E4-481A-9CAF-D426408E8D63}.Debug|Any CPU.Build.0 = Debug|Any CPU
		{BA6E0FC2-E2E4-481A-9CAF-D426408E8D63}.Debug|x64.ActiveCfg = Debug|Any CPU
		{BA6E0FC2-E2E4-481A-9CAF-D426408E8D63}.Debug|x64.Build.0 = Debug|Any CPU
		{BA6E0FC2-E2E4-481A-9CAF-D426408E8D63}.Debug|x86.ActiveCfg = Debug|Any CPU
		{BA6E0FC2-E2E4-481A-9CAF-D426408E8D63}.Debug|x86.Build.0 = Debug|Any CPU
		{BA6E0FC2-E2E4-481A-9CAF-D426408E8D63}.Release|Any CPU.ActiveCfg = Release|Any CPU
		{BA6E0FC2-E2E4-481A-9CAF-D426408E8D63}.Release|Any CPU.Build.0 = Release|Any CPU
		{BA6E0FC2-E2E4-481A-9CAF-D426408E8D63}.Release|x64.ActiveCfg = Release|Any CPU
		{BA6E0FC2-E2E4-481A-9CAF-D426408E8D63}.Release|x64.Build.0 = Release|Any CPU
		{BA6E0FC2-E2E4-481A-9CAF-D426408E8D63}.Release|x86.ActiveCfg = Release|Any CPU
		{BA6E0FC2-E2E4-481A-9CAF-D426408E8D63}.Release|x86.Build.0 = Release|Any CPU
		{3736A83A-3BFB-4C70-8154-51EEBE9C2DC0}.Debug|Any CPU.ActiveCfg = Debug|Any CPU
		{3736A83A-3BFB-4C70-8154-51EEBE9C2DC0}.Debug|Any CPU.Build.0 = Debug|Any CPU
		{3736A83A-3BFB-4C70-8154-51EEBE9C2DC0}.Debug|x64.ActiveCfg = Debug|Any CPU
		{3736A83A-3BFB-4C70-8154-51EEBE9C2DC0}.Debug|x64.Build.0 = Debug|Any CPU
		{3736A83A-3BFB-4C70-8154-51EEBE9C2DC0}.Debug|x86.ActiveCfg = Debug|Any CPU
		{3736A83A-3BFB-4C70-8154-51EEBE9C2DC0}.Debug|x86.Build.0 = Debug|Any CPU
		{3736A83A-3BFB-4C70-8154-51EEBE9C2DC0}.Release|Any CPU.ActiveCfg = Release|Any CPU
		{3736A83A-3BFB-4C70-8154-51EEBE9C2DC0}.Release|Any CPU.Build.0 = Release|Any CPU
		{3736A83A-3BFB-4C70-8154-51EEBE9C2DC0}.Release|x64.ActiveCfg = Release|Any CPU
		{3736A83A-3BFB-4C70-8154-51EEBE9C2DC0}.Release|x64.Build.0 = Release|Any CPU
		{3736A83A-3BFB-4C70-8154-51EEBE9C2DC0}.Release|x86.ActiveCfg = Release|Any CPU
		{3736A83A-3BFB-4C70-8154-51EEBE9C2DC0}.Release|x86.Build.0 = Release|Any CPU
		{05600429-9BD9-445C-AA12-254148B5C788}.Debug|Any CPU.ActiveCfg = Debug|Any CPU
		{05600429-9BD9-445C-AA12-254148B5C788}.Debug|Any CPU.Build.0 = Debug|Any CPU
		{05600429-9BD9-445C-AA12-254148B5C788}.Debug|x64.ActiveCfg = Debug|Any CPU
		{05600429-9BD9-445C-AA12-254148B5C788}.Debug|x64.Build.0 = Debug|Any CPU
		{05600429-9BD9-445C-AA12-254148B5C788}.Debug|x86.ActiveCfg = Debug|Any CPU
		{05600429-9BD9-445C-AA12-254148B5C788}.Debug|x86.Build.0 = Debug|Any CPU
		{05600429-9BD9-445C-AA12-254148B5C788}.Release|Any CPU.ActiveCfg = Release|Any CPU
		{05600429-9BD9-445C-AA12-254148B5C788}.Release|Any CPU.Build.0 = Release|Any CPU
		{05600429-9BD9-445C-AA12-254148B5C788}.Release|x64.ActiveCfg = Release|Any CPU
		{05600429-9BD9-445C-AA12-254148B5C788}.Release|x64.Build.0 = Release|Any CPU
		{05600429-9BD9-445C-AA12-254148B5C788}.Release|x86.ActiveCfg = Release|Any CPU
		{05600429-9BD9-445C-AA12-254148B5C788}.Release|x86.Build.0 = Release|Any CPU
		{D5299DF4-D3B6-4441-9DCA-362B049644FF}.Debug|Any CPU.ActiveCfg = Debug|Any CPU
		{D5299DF4-D3B6-4441-9DCA-362B049644FF}.Debug|Any CPU.Build.0 = Debug|Any CPU
		{D5299DF4-D3B6-4441-9DCA-362B049644FF}.Debug|x64.ActiveCfg = Debug|Any CPU
		{D5299DF4-D3B6-4441-9DCA-362B049644FF}.Debug|x64.Build.0 = Debug|Any CPU
		{D5299DF4-D3B6-4441-9DCA-362B049644FF}.Debug|x86.ActiveCfg = Debug|Any CPU
		{D5299DF4-D3B6-4441-9DCA-362B049644FF}.Debug|x86.Build.0 = Debug|Any CPU
		{D5299DF4-D3B6-4441-9DCA-362B049644FF}.Release|Any CPU.ActiveCfg = Release|Any CPU
		{D5299DF4-D3B6-4441-9DCA-362B049644FF}.Release|Any CPU.Build.0 = Release|Any CPU
		{D5299DF4-D3B6-4441-9DCA-362B049644FF}.Release|x64.ActiveCfg = Release|Any CPU
		{D5299DF4-D3B6-4441-9DCA-362B049644FF}.Release|x64.Build.0 = Release|Any CPU
		{D5299DF4-D3B6-4441-9DCA-362B049644FF}.Release|x86.ActiveCfg = Release|Any CPU
		{D5299DF4-D3B6-4441-9DCA-362B049644FF}.Release|x86.Build.0 = Release|Any CPU
		{827BBBD5-6471-49B1-9CB5-0943CAE544B7}.Debug|Any CPU.ActiveCfg = Debug|Any CPU
		{827BBBD5-6471-49B1-9CB5-0943CAE544B7}.Debug|Any CPU.Build.0 = Debug|Any CPU
		{827BBBD5-6471-49B1-9CB5-0943CAE544B7}.Debug|x64.ActiveCfg = Debug|Any CPU
		{827BBBD5-6471-49B1-9CB5-0943CAE544B7}.Debug|x64.Build.0 = Debug|Any CPU
		{827BBBD5-6471-49B1-9CB5-0943CAE544B7}.Debug|x86.ActiveCfg = Debug|Any CPU
		{827BBBD5-6471-49B1-9CB5-0943CAE544B7}.Debug|x86.Build.0 = Debug|Any CPU
		{827BBBD5-6471-49B1-9CB5-0943CAE544B7}.Release|Any CPU.ActiveCfg = Release|Any CPU
		{827BBBD5-6471-49B1-9CB5-0943CAE544B7}.Release|Any CPU.Build.0 = Release|Any CPU
		{827BBBD5-6471-49B1-9CB5-0943CAE544B7}.Release|x64.ActiveCfg = Release|Any CPU
		{827BBBD5-6471-49B1-9CB5-0943CAE544B7}.Release|x64.Build.0 = Release|Any CPU
		{827BBBD5-6471-49B1-9CB5-0943CAE544B7}.Release|x86.ActiveCfg = Release|Any CPU
		{827BBBD5-6471-49B1-9CB5-0943CAE544B7}.Release|x86.Build.0 = Release|Any CPU
		{1C51C90A-3829-46F0-98C1-68954C38406F}.Debug|Any CPU.ActiveCfg = Debug|Any CPU
		{1C51C90A-3829-46F0-98C1-68954C38406F}.Debug|Any CPU.Build.0 = Debug|Any CPU
		{1C51C90A-3829-46F0-98C1-68954C38406F}.Debug|x64.ActiveCfg = Debug|Any CPU
		{1C51C90A-3829-46F0-98C1-68954C38406F}.Debug|x64.Build.0 = Debug|Any CPU
		{1C51C90A-3829-46F0-98C1-68954C38406F}.Debug|x86.ActiveCfg = Debug|Any CPU
		{1C51C90A-3829-46F0-98C1-68954C38406F}.Debug|x86.Build.0 = Debug|Any CPU
		{1C51C90A-3829-46F0-98C1-68954C38406F}.Release|Any CPU.ActiveCfg = Release|Any CPU
		{1C51C90A-3829-46F0-98C1-68954C38406F}.Release|Any CPU.Build.0 = Release|Any CPU
		{1C51C90A-3829-46F0-98C1-68954C38406F}.Release|x64.ActiveCfg = Release|Any CPU
		{1C51C90A-3829-46F0-98C1-68954C38406F}.Release|x64.Build.0 = Release|Any CPU
		{1C51C90A-3829-46F0-98C1-68954C38406F}.Release|x86.ActiveCfg = Release|Any CPU
		{1C51C90A-3829-46F0-98C1-68954C38406F}.Release|x86.Build.0 = Release|Any CPU
		{ED093051-B60B-4987-A033-D8F283670ADD}.Debug|Any CPU.ActiveCfg = Debug|Any CPU
		{ED093051-B60B-4987-A033-D8F283670ADD}.Debug|Any CPU.Build.0 = Debug|Any CPU
		{ED093051-B60B-4987-A033-D8F283670ADD}.Debug|x64.ActiveCfg = Debug|Any CPU
		{ED093051-B60B-4987-A033-D8F283670ADD}.Debug|x64.Build.0 = Debug|Any CPU
		{ED093051-B60B-4987-A033-D8F283670ADD}.Debug|x86.ActiveCfg = Debug|Any CPU
		{ED093051-B60B-4987-A033-D8F283670ADD}.Debug|x86.Build.0 = Debug|Any CPU
		{ED093051-B60B-4987-A033-D8F283670ADD}.Release|Any CPU.ActiveCfg = Release|Any CPU
		{ED093051-B60B-4987-A033-D8F283670ADD}.Release|Any CPU.Build.0 = Release|Any CPU
		{ED093051-B60B-4987-A033-D8F283670ADD}.Release|x64.ActiveCfg = Release|Any CPU
		{ED093051-B60B-4987-A033-D8F283670ADD}.Release|x64.Build.0 = Release|Any CPU
		{ED093051-B60B-4987-A033-D8F283670ADD}.Release|x86.ActiveCfg = Release|Any CPU
		{ED093051-B60B-4987-A033-D8F283670ADD}.Release|x86.Build.0 = Release|Any CPU
		{168801E2-EE8D-45D5-961E-9D70FF67154C}.Debug|Any CPU.ActiveCfg = Debug|Any CPU
		{168801E2-EE8D-45D5-961E-9D70FF67154C}.Debug|Any CPU.Build.0 = Debug|Any CPU
		{168801E2-EE8D-45D5-961E-9D70FF67154C}.Debug|x64.ActiveCfg = Debug|Any CPU
		{168801E2-EE8D-45D5-961E-9D70FF67154C}.Debug|x64.Build.0 = Debug|Any CPU
		{168801E2-EE8D-45D5-961E-9D70FF67154C}.Debug|x86.ActiveCfg = Debug|Any CPU
		{168801E2-EE8D-45D5-961E-9D70FF67154C}.Debug|x86.Build.0 = Debug|Any CPU
		{168801E2-EE8D-45D5-961E-9D70FF67154C}.Release|Any CPU.ActiveCfg = Release|Any CPU
		{168801E2-EE8D-45D5-961E-9D70FF67154C}.Release|Any CPU.Build.0 = Release|Any CPU
		{168801E2-EE8D-45D5-961E-9D70FF67154C}.Release|x64.ActiveCfg = Release|Any CPU
		{168801E2-EE8D-45D5-961E-9D70FF67154C}.Release|x64.Build.0 = Release|Any CPU
		{168801E2-EE8D-45D5-961E-9D70FF67154C}.Release|x86.ActiveCfg = Release|Any CPU
		{168801E2-EE8D-45D5-961E-9D70FF67154C}.Release|x86.Build.0 = Release|Any CPU
		{8E21A844-65B7-4504-8BA1-B61CF5620586}.Debug|Any CPU.ActiveCfg = Debug|Any CPU
		{8E21A844-65B7-4504-8BA1-B61CF5620586}.Debug|Any CPU.Build.0 = Debug|Any CPU
		{8E21A844-65B7-4504-8BA1-B61CF5620586}.Debug|x64.ActiveCfg = Debug|Any CPU
		{8E21A844-65B7-4504-8BA1-B61CF5620586}.Debug|x64.Build.0 = Debug|Any CPU
		{8E21A844-65B7-4504-8BA1-B61CF5620586}.Debug|x86.ActiveCfg = Debug|Any CPU
		{8E21A844-65B7-4504-8BA1-B61CF5620586}.Debug|x86.Build.0 = Debug|Any CPU
		{8E21A844-65B7-4504-8BA1-B61CF5620586}.Release|Any CPU.ActiveCfg = Release|Any CPU
		{8E21A844-65B7-4504-8BA1-B61CF5620586}.Release|Any CPU.Build.0 = Release|Any CPU
		{8E21A844-65B7-4504-8BA1-B61CF5620586}.Release|x64.ActiveCfg = Release|Any CPU
		{8E21A844-65B7-4504-8BA1-B61CF5620586}.Release|x64.Build.0 = Release|Any CPU
		{8E21A844-65B7-4504-8BA1-B61CF5620586}.Release|x86.ActiveCfg = Release|Any CPU
		{8E21A844-65B7-4504-8BA1-B61CF5620586}.Release|x86.Build.0 = Release|Any CPU
		{867C8D2C-9892-4FAA-A378-B2F58DA825B0}.Debug|Any CPU.ActiveCfg = Debug|Any CPU
		{867C8D2C-9892-4FAA-A378-B2F58DA825B0}.Debug|Any CPU.Build.0 = Debug|Any CPU
		{867C8D2C-9892-4FAA-A378-B2F58DA825B0}.Debug|x64.ActiveCfg = Debug|Any CPU
		{867C8D2C-9892-4FAA-A378-B2F58DA825B0}.Debug|x64.Build.0 = Debug|Any CPU
		{867C8D2C-9892-4FAA-A378-B2F58DA825B0}.Debug|x86.ActiveCfg = Debug|Any CPU
		{867C8D2C-9892-4FAA-A378-B2F58DA825B0}.Debug|x86.Build.0 = Debug|Any CPU
		{867C8D2C-9892-4FAA-A378-B2F58DA825B0}.Release|Any CPU.ActiveCfg = Release|Any CPU
		{867C8D2C-9892-4FAA-A378-B2F58DA825B0}.Release|Any CPU.Build.0 = Release|Any CPU
		{867C8D2C-9892-4FAA-A378-B2F58DA825B0}.Release|x64.ActiveCfg = Release|Any CPU
		{867C8D2C-9892-4FAA-A378-B2F58DA825B0}.Release|x64.Build.0 = Release|Any CPU
		{867C8D2C-9892-4FAA-A378-B2F58DA825B0}.Release|x86.ActiveCfg = Release|Any CPU
		{867C8D2C-9892-4FAA-A378-B2F58DA825B0}.Release|x86.Build.0 = Release|Any CPU
		{8EFFE128-1915-453F-98B1-55969B4D4FDC}.Debug|Any CPU.ActiveCfg = Debug|Any CPU
		{8EFFE128-1915-453F-98B1-55969B4D4FDC}.Debug|Any CPU.Build.0 = Debug|Any CPU
		{8EFFE128-1915-453F-98B1-55969B4D4FDC}.Debug|x64.ActiveCfg = Debug|Any CPU
		{8EFFE128-1915-453F-98B1-55969B4D4FDC}.Debug|x64.Build.0 = Debug|Any CPU
		{8EFFE128-1915-453F-98B1-55969B4D4FDC}.Debug|x86.ActiveCfg = Debug|Any CPU
		{8EFFE128-1915-453F-98B1-55969B4D4FDC}.Debug|x86.Build.0 = Debug|Any CPU
		{8EFFE128-1915-453F-98B1-55969B4D4FDC}.Release|Any CPU.ActiveCfg = Release|Any CPU
		{8EFFE128-1915-453F-98B1-55969B4D4FDC}.Release|Any CPU.Build.0 = Release|Any CPU
		{8EFFE128-1915-453F-98B1-55969B4D4FDC}.Release|x64.ActiveCfg = Release|Any CPU
		{8EFFE128-1915-453F-98B1-55969B4D4FDC}.Release|x64.Build.0 = Release|Any CPU
		{8EFFE128-1915-453F-98B1-55969B4D4FDC}.Release|x86.ActiveCfg = Release|Any CPU
		{8EFFE128-1915-453F-98B1-55969B4D4FDC}.Release|x86.Build.0 = Release|Any CPU
		{4FB958ED-8CF0-4139-AC34-28712EB133D5}.Debug|Any CPU.ActiveCfg = Debug|Any CPU
		{4FB958ED-8CF0-4139-AC34-28712EB133D5}.Debug|Any CPU.Build.0 = Debug|Any CPU
		{4FB958ED-8CF0-4139-AC34-28712EB133D5}.Debug|x64.ActiveCfg = Debug|Any CPU
		{4FB958ED-8CF0-4139-AC34-28712EB133D5}.Debug|x64.Build.0 = Debug|Any CPU
		{4FB958ED-8CF0-4139-AC34-28712EB133D5}.Debug|x86.ActiveCfg = Debug|Any CPU
		{4FB958ED-8CF0-4139-AC34-28712EB133D5}.Debug|x86.Build.0 = Debug|Any CPU
		{4FB958ED-8CF0-4139-AC34-28712EB133D5}.Release|Any CPU.ActiveCfg = Release|Any CPU
		{4FB958ED-8CF0-4139-AC34-28712EB133D5}.Release|Any CPU.Build.0 = Release|Any CPU
		{4FB958ED-8CF0-4139-AC34-28712EB133D5}.Release|x64.ActiveCfg = Release|Any CPU
		{4FB958ED-8CF0-4139-AC34-28712EB133D5}.Release|x64.Build.0 = Release|Any CPU
		{4FB958ED-8CF0-4139-AC34-28712EB133D5}.Release|x86.ActiveCfg = Release|Any CPU
		{4FB958ED-8CF0-4139-AC34-28712EB133D5}.Release|x86.Build.0 = Release|Any CPU
		{B3BFC750-18BA-4D1C-BE4D-06BEFA34F29A}.Debug|Any CPU.ActiveCfg = Debug|Any CPU
		{B3BFC750-18BA-4D1C-BE4D-06BEFA34F29A}.Debug|Any CPU.Build.0 = Debug|Any CPU
		{B3BFC750-18BA-4D1C-BE4D-06BEFA34F29A}.Debug|x64.ActiveCfg = Debug|Any CPU
		{B3BFC750-18BA-4D1C-BE4D-06BEFA34F29A}.Debug|x64.Build.0 = Debug|Any CPU
		{B3BFC750-18BA-4D1C-BE4D-06BEFA34F29A}.Debug|x86.ActiveCfg = Debug|Any CPU
		{B3BFC750-18BA-4D1C-BE4D-06BEFA34F29A}.Debug|x86.Build.0 = Debug|Any CPU
		{B3BFC750-18BA-4D1C-BE4D-06BEFA34F29A}.Release|Any CPU.ActiveCfg = Release|Any CPU
		{B3BFC750-18BA-4D1C-BE4D-06BEFA34F29A}.Release|Any CPU.Build.0 = Release|Any CPU
		{B3BFC750-18BA-4D1C-BE4D-06BEFA34F29A}.Release|x64.ActiveCfg = Release|Any CPU
		{B3BFC750-18BA-4D1C-BE4D-06BEFA34F29A}.Release|x64.Build.0 = Release|Any CPU
		{B3BFC750-18BA-4D1C-BE4D-06BEFA34F29A}.Release|x86.ActiveCfg = Release|Any CPU
		{B3BFC750-18BA-4D1C-BE4D-06BEFA34F29A}.Release|x86.Build.0 = Release|Any CPU
	EndGlobalSection
	GlobalSection(SolutionProperties) = preSolution
		HideSolutionNode = FALSE
	EndGlobalSection
EndGlobal
